
Microsoft Visual Studio Solution File, Format Version 12.00
# Visual Studio Version 17
VisualStudioVersion = 17.7.34024.191
MinimumVisualStudioVersion = 10.0.40219.1
Project("{FAE04EC0-301F-11D3-BF4B-00C04F79EFBC}") = "WPFDemo", "WPFDemo\WPFDemo.csproj", "{32486C88-C033-4E14-9C1D-40BB41E14112}"
EndProject
Project("{FAE04EC0-301F-11D3-BF4B-00C04F79EFBC}") = "WPFDemo.Tests", "WPFDemo.Tests\WPFDemo.Tests.csproj", "{84F43923-93AC-4D49-8D4D-B33FA888C530}"
EndProject
Global
	GlobalSection(SolutionConfigurationPlatforms) = preSolution
		Debug|Any CPU = Debug|Any CPU
		Release|Any CPU = Release|Any CPU
	EndGlobalSection
	GlobalSection(ProjectConfigurationPlatforms) = postSolution
		{32486C88-C033-4E14-9C1D-40BB41E14112}.Debug|Any CPU.ActiveCfg = Debug|Any CPU
		{32486C88-C033-4E14-9C1D-40BB41E14112}.Debug|Any CPU.Build.0 = Debug|Any CPU
		{32486C88-C033-4E14-9C1D-40BB41E14112}.Release|Any CPU.ActiveCfg = Release|Any CPU
		{32486C88-C033-4E14-9C1D-40BB41E14112}.Release|Any CPU.Build.0 = Release|Any CPU
		{84F43923-93AC-4D49-8D4D-B33FA888C530}.Debug|Any CPU.ActiveCfg = Debug|Any CPU
		{84F43923-93AC-4D49-8D4D-B33FA888C530}.Debug|Any CPU.Build.0 = Debug|Any CPU
		{84F43923-93AC-4D49-8D4D-B33FA888C530}.Release|Any CPU.ActiveCfg = Release|Any CPU
		{84F43923-93AC-4D49-8D4D-B33FA888C530}.Release|Any CPU.Build.0 = Release|Any CPU
	EndGlobalSection
	GlobalSection(SolutionProperties) = preSolution
		HideSolutionNode = FALSE
	EndGlobalSection
	GlobalSection(ExtensibilityGlobals) = postSolution
		SolutionGuid = {9C9FBD04-64AC-4785-AA4E-EE344B51DA24}
	EndGlobalSection
EndGlobal
